// !$*UTF8*$!
{
	archiveVersion = 1;
	classes = {
	};
	objectVersion = 56;
	objects = {

/* Begin PBXBuildFile section */
		AC4783712930C66900EF5DB7 /* AppDelegate.swift in Sources */ = {isa = PBXBuildFile; fileRef = AC4783702930C66900EF5DB7 /* AppDelegate.swift */; };
		AC4783732930C66900EF5DB7 /* SceneDelegate.swift in Sources */ = {isa = PBXBuildFile; fileRef = AC4783722930C66900EF5DB7 /* SceneDelegate.swift */; };
		AC4783782930C66900EF5DB7 /* Main.storyboard in Resources */ = {isa = PBXBuildFile; fileRef = AC4783762930C66900EF5DB7 /* Main.storyboard */; };
		AC47837A2930C66A00EF5DB7 /* Assets.xcassets in Resources */ = {isa = PBXBuildFile; fileRef = AC4783792930C66A00EF5DB7 /* Assets.xcassets */; };
		AC47837D2930C66A00EF5DB7 /* LaunchScreen.storyboard in Resources */ = {isa = PBXBuildFile; fileRef = AC47837B2930C66A00EF5DB7 /* LaunchScreen.storyboard */; };
		AC4783852930C74900EF5DB7 /* CharacterTVC.swift in Sources */ = {isa = PBXBuildFile; fileRef = AC4783842930C74900EF5DB7 /* CharacterTVC.swift */; };
		AC4783882930C7F200EF5DB7 /* AlamofireImage in Frameworks */ = {isa = PBXBuildFile; productRef = AC4783872930C7F200EF5DB7 /* AlamofireImage */; };
		AC47838A2930C91100EF5DB7 /* RMCharacterResponse.swift in Sources */ = {isa = PBXBuildFile; fileRef = AC4783892930C91000EF5DB7 /* RMCharacterResponse.swift */; };
		AC47838C2930C93500EF5DB7 /* RMCharacter.swift in Sources */ = {isa = PBXBuildFile; fileRef = AC47838B2930C93500EF5DB7 /* RMCharacter.swift */; };
		AC47838E2930C9BF00EF5DB7 /* RMOrigin.swift in Sources */ = {isa = PBXBuildFile; fileRef = AC47838D2930C9BF00EF5DB7 /* RMOrigin.swift */; };
		AC4783932930CCEF00EF5DB7 /* CharacterCell.swift in Sources */ = {isa = PBXBuildFile; fileRef = AC4783912930CCEF00EF5DB7 /* CharacterCell.swift */; };
		AC4783942930CCEF00EF5DB7 /* CharacterCell.xib in Resources */ = {isa = PBXBuildFile; fileRef = AC4783922930CCEF00EF5DB7 /* CharacterCell.xib */; };
		AC4783962930D7C400EF5DB7 /* CharacterDetailsVC.swift in Sources */ = {isa = PBXBuildFile; fileRef = AC4783952930D7C400EF5DB7 /* CharacterDetailsVC.swift */; };
/* End PBXBuildFile section */

/* Begin PBXFileReference section */
		AC47836D2930C66900EF5DB7 /* RickMorty.app */ = {isa = PBXFileReference; explicitFileType = wrapper.application; includeInIndex = 0; path = RickMorty.app; sourceTree = BUILT_PRODUCTS_DIR; };
		AC4783702930C66900EF5DB7 /* AppDelegate.swift */ = {isa = PBXFileReference; lastKnownFileType = sourcecode.swift; path = AppDelegate.swift; sourceTree = "<group>"; };
		AC4783722930C66900EF5DB7 /* SceneDelegate.swift */ = {isa = PBXFileReference; lastKnownFileType = sourcecode.swift; path = SceneDelegate.swift; sourceTree = "<group>"; };
		AC4783772930C66900EF5DB7 /* Base */ = {isa = PBXFileReference; lastKnownFileType = file.storyboard; name = Base; path = Base.lproj/Main.storyboard; sourceTree = "<group>"; };
		AC4783792930C66A00EF5DB7 /* Assets.xcassets */ = {isa = PBXFileReference; lastKnownFileType = folder.assetcatalog; path = Assets.xcassets; sourceTree = "<group>"; };
		AC47837C2930C66A00EF5DB7 /* Base */ = {isa = PBXFileReference; lastKnownFileType = file.storyboard; name = Base; path = Base.lproj/LaunchScreen.storyboard; sourceTree = "<group>"; };
		AC47837E2930C66A00EF5DB7 /* Info.plist */ = {isa = PBXFileReference; lastKnownFileType = text.plist.xml; path = Info.plist; sourceTree = "<group>"; };
		AC4783842930C74900EF5DB7 /* CharacterTVC.swift */ = {isa = PBXFileReference; lastKnownFileType = sourcecode.swift; path = CharacterTVC.swift; sourceTree = "<group>"; };
		AC4783892930C91000EF5DB7 /* RMCharacterResponse.swift */ = {isa = PBXFileReference; lastKnownFileType = sourcecode.swift; path = RMCharacterResponse.swift; sourceTree = "<group>"; };
		AC47838B2930C93500EF5DB7 /* RMCharacter.swift */ = {isa = PBXFileReference; lastKnownFileType = sourcecode.swift; path = RMCharacter.swift; sourceTree = "<group>"; };
		AC47838D2930C9BF00EF5DB7 /* RMOrigin.swift */ = {isa = PBXFileReference; lastKnownFileType = sourcecode.swift; path = RMOrigin.swift; sourceTree = "<group>"; };
		AC4783912930CCEF00EF5DB7 /* CharacterCell.swift */ = {isa = PBXFileReference; lastKnownFileType = sourcecode.swift; path = CharacterCell.swift; sourceTree = "<group>"; };
		AC4783922930CCEF00EF5DB7 /* CharacterCell.xib */ = {isa = PBXFileReference; lastKnownFileType = file.xib; path = CharacterCell.xib; sourceTree = "<group>"; };
		AC4783952930D7C400EF5DB7 /* CharacterDetailsVC.swift */ = {isa = PBXFileReference; lastKnownFileType = sourcecode.swift; path = CharacterDetailsVC.swift; sourceTree = "<group>"; };
/* End PBXFileReference section */

/* Begin PBXFrameworksBuildPhase section */
		AC47836A2930C66900EF5DB7 /* Frameworks */ = {
			isa = PBXFrameworksBuildPhase;
			buildActionMask = 2147483647;
			files = (
				AC4783882930C7F200EF5DB7 /* AlamofireImage in Frameworks */,
			);
			runOnlyForDeploymentPostprocessing = 0;
		};
/* End PBXFrameworksBuildPhase section */

/* Begin PBXGroup section */
		AC4783642930C66900EF5DB7 = {
			isa = PBXGroup;
			children = (
				AC47836F2930C66900EF5DB7 /* RickMorty */,
				AC47836E2930C66900EF5DB7 /* Products */,
			);
			sourceTree = "<group>";
		};
		AC47836E2930C66900EF5DB7 /* Products */ = {
			isa = PBXGroup;
			children = (
				AC47836D2930C66900EF5DB7 /* RickMorty.app */,
			);
			name = Products;
			sourceTree = "<group>";
		};
		AC47836F2930C66900EF5DB7 /* RickMorty */ = {
			isa = PBXGroup;
			children = (
				AC4783702930C66900EF5DB7 /* AppDelegate.swift */,
				AC4783722930C66900EF5DB7 /* SceneDelegate.swift */,
				AC4783762930C66900EF5DB7 /* Main.storyboard */,
				AC4783792930C66A00EF5DB7 /* Assets.xcassets */,
				AC47837B2930C66A00EF5DB7 /* LaunchScreen.storyboard */,
				AC47837E2930C66A00EF5DB7 /* Info.plist */,
				AC4783842930C74900EF5DB7 /* CharacterTVC.swift */,
				AC4783892930C91000EF5DB7 /* RMCharacterResponse.swift */,
				AC47838B2930C93500EF5DB7 /* RMCharacter.swift */,
				AC47838D2930C9BF00EF5DB7 /* RMOrigin.swift */,
				AC4783912930CCEF00EF5DB7 /* CharacterCell.swift */,
				AC4783922930CCEF00EF5DB7 /* CharacterCell.xib */,
				AC4783952930D7C400EF5DB7 /* CharacterDetailsVC.swift */,
			);
			path = RickMorty;
			sourceTree = "<group>";
		};
/* End PBXGroup section */

/* Begin PBXNativeTarget section */
		AC47836C2930C66900EF5DB7 /* RickMorty */ = {
			isa = PBXNativeTarget;
			buildConfigurationList = AC4783812930C66A00EF5DB7 /* Build configuration list for PBXNativeTarget "RickMorty" */;
			buildPhases = (
				AC4783692930C66900EF5DB7 /* Sources */,
				AC47836A2930C66900EF5DB7 /* Frameworks */,
				AC47836B2930C66900EF5DB7 /* Resources */,
			);
			buildRules = (
			);
			dependencies = (
			);
			name = RickMorty;
			packageProductDependencies = (
				AC4783872930C7F200EF5DB7 /* AlamofireImage */,
			);
			productName = RickMorty;
			productReference = AC47836D2930C66900EF5DB7 /* RickMorty.app */;
			productType = "com.apple.product-type.application";
		};
/* End PBXNativeTarget section */

/* Begin PBXProject section */
		AC4783652930C66900EF5DB7 /* Project object */ = {
			isa = PBXProject;
			attributes = {
				BuildIndependentTargetsInParallel = 1;
				LastSwiftUpdateCheck = 1410;
				LastUpgradeCheck = 1410;
				TargetAttributes = {
					AC47836C2930C66900EF5DB7 = {
						CreatedOnToolsVersion = 14.1;
					};
				};
			};
			buildConfigurationList = AC4783682930C66900EF5DB7 /* Build configuration list for PBXProject "RickMorty" */;
			compatibilityVersion = "Xcode 14.0";
			developmentRegion = en;
			hasScannedForEncodings = 0;
			knownRegions = (
				en,
				Base,
			);
			mainGroup = AC4783642930C66900EF5DB7;
			packageReferences = (
				AC4783862930C7F200EF5DB7 /* XCRemoteSwiftPackageReference "AlamofireImage" */,
			);
			productRefGroup = AC47836E2930C66900EF5DB7 /* Products */;
			projectDirPath = "";
			projectRoot = "";
			targets = (
				AC47836C2930C66900EF5DB7 /* RickMorty */,
			);
		};
/* End PBXProject section */

/* Begin PBXResourcesBuildPhase section */
		AC47836B2930C66900EF5DB7 /* Resources */ = {
			isa = PBXResourcesBuildPhase;
			buildActionMask = 2147483647;
			files = (
				AC47837D2930C66A00EF5DB7 /* LaunchScreen.storyboard in Resources */,
				AC47837A2930C66A00EF5DB7 /* Assets.xcassets in Resources */,
				AC4783782930C66900EF5DB7 /* Main.storyboard in Resources */,
				AC4783942930CCEF00EF5DB7 /* CharacterCell.xib in Resources */,
			);
			runOnlyForDeploymentPostprocessing = 0;
		};
/* End PBXResourcesBuildPhase section */

/* Begin PBXSourcesBuildPhase section */
		AC4783692930C66900EF5DB7 /* Sources */ = {
			isa = PBXSourcesBuildPhase;
			buildActionMask = 2147483647;
			files = (
				AC4783712930C66900EF5DB7 /* AppDelegate.swift in Sources */,
				AC4783852930C74900EF5DB7 /* CharacterTVC.swift in Sources */,
				AC4783732930C66900EF5DB7 /* SceneDelegate.swift in Sources */,
				AC4783932930CCEF00EF5DB7 /* CharacterCell.swift in Sources */,
				AC47838A2930C91100EF5DB7 /* RMCharacterResponse.swift in Sources */,
				AC47838E2930C9BF00EF5DB7 /* RMOrigin.swift in Sources */,
				AC47838C2930C93500EF5DB7 /* RMCharacter.swift in Sources */,
				AC4783962930D7C400EF5DB7 /* CharacterDetailsVC.swift in Sources */,
			);
			runOnlyForDeploymentPostprocessing = 0;
		};
/* End PBXSourcesBuildPhase section */

/* Begin PBXVariantGroup section */
		AC4783762930C66900EF5DB7 /* Main.storyboard */ = {
			isa = PBXVariantGroup;
			children = (
				AC4783772930C66900EF5DB7 /* Base */,
			);
			name = Main.storyboard;
			sourceTree = "<group>";
		};
		AC47837B2930C66A00EF5DB7 /* LaunchScreen.storyboard */ = {
			isa = PBXVariantGroup;
			children = (
				AC47837C2930C66A00EF5DB7 /* Base */,
			);
			name = LaunchScreen.storyboard;
			sourceTree = "<group>";
		};
/* End PBXVariantGroup section */

/* Begin XCBuildConfiguration section */
		AC47837F2930C66A00EF5DB7 /* Debug */ = {
			isa = XCBuildConfiguration;
			buildSettings = {
				ALWAYS_SEARCH_USER_PATHS = NO;
				CLANG_ANALYZER_NONNULL = YES;
				CLANG_ANALYZER_NUMBER_OBJECT_CONVERSION = YES_AGGRESSIVE;
				CLANG_CXX_LANGUAGE_STANDARD = "gnu++20";
				CLANG_ENABLE_MODULES = YES;
				CLANG_ENABLE_OBJC_ARC = YES;
				CLANG_ENABLE_OBJC_WEAK = YES;
				CLANG_WARN_BLOCK_CAPTURE_AUTORELEASING = YES;
				CLANG_WARN_BOOL_CONVERSION = YES;
				CLANG_WARN_COMMA = YES;
				CLANG_WARN_CONSTANT_CONVERSION = YES;
				CLANG_WARN_DEPRECATED_OBJC_IMPLEMENTATIONS = YES;
				CLANG_WARN_DIRECT_OBJC_ISA_USAGE = YES_ERROR;
				CLANG_WARN_DOCUMENTATION_COMMENTS = YES;
				CLANG_WARN_EMPTY_BODY = YES;
				CLANG_WARN_ENUM_CONVERSION = YES;
				CLANG_WARN_INFINITE_RECURSION = YES;
				CLANG_WARN_INT_CONVERSION = YES;
				CLANG_WARN_NON_LITERAL_NULL_CONVERSION = YES;
				CLANG_WARN_OBJC_IMPLICIT_RETAIN_SELF = YES;
				CLANG_WARN_OBJC_LITERAL_CONVERSION = YES;
				CLANG_WARN_OBJC_ROOT_CLASS = YES_ERROR;
				CLANG_WARN_QUOTED_INCLUDE_IN_FRAMEWORK_HEADER = YES;
				CLANG_WARN_RANGE_LOOP_ANALYSIS = YES;
				CLANG_WARN_STRICT_PROTOTYPES = YES;
				CLANG_WARN_SUSPICIOUS_MOVE = YES;
				CLANG_WARN_UNGUARDED_AVAILABILITY = YES_AGGRESSIVE;
				CLANG_WARN_UNREACHABLE_CODE = YES;
				CLANG_WARN__DUPLICATE_METHOD_MATCH = YES;
				COPY_PHASE_STRIP = NO;
				DEBUG_INFORMATION_FORMAT = dwarf;
				ENABLE_STRICT_OBJC_MSGSEND = YES;
				ENABLE_TESTABILITY = YES;
				GCC_C_LANGUAGE_STANDARD = gnu11;
				GCC_DYNAMIC_NO_PIC = NO;
				GCC_NO_COMMON_BLOCKS = YES;
				GCC_OPTIMIZATION_LEVEL = 0;
				GCC_PREPROCESSOR_DEFINITIONS = (
					"DEBUG=1",
					"$(inherited)",
				);
				GCC_WARN_64_TO_32_BIT_CONVERSION = YES;
				GCC_WARN_ABOUT_RETURN_TYPE = YES_ERROR;
				GCC_WARN_UNDECLARED_SELECTOR = YES;
				GCC_WARN_UNINITIALIZED_AUTOS = YES_AGGRESSIVE;
				GCC_WARN_UNUSED_FUNCTION = YES;
				GCC_WARN_UNUSED_VARIABLE = YES;
				IPHONEOS_DEPLOYMENT_TARGET = 16.1;
				MTL_ENABLE_DEBUG_INFO = INCLUDE_SOURCE;
				MTL_FAST_MATH = YES;
				ONLY_ACTIVE_ARCH = YES;
				SDKROOT = iphoneos;
				SWIFT_ACTIVE_COMPILATION_CONDITIONS = DEBUG;
				SWIFT_OPTIMIZATION_LEVEL = "-Onone";
			};
			name = Debug;
		};
		AC4783802930C66A00EF5DB7 /* Release */ = {
			isa = XCBuildConfiguration;
			buildSettings = {
				ALWAYS_SEARCH_USER_PATHS = NO;
				CLANG_ANALYZER_NONNULL = YES;
				CLANG_ANALYZER_NUMBER_OBJECT_CONVERSION = YES_AGGRESSIVE;
				CLANG_CXX_LANGUAGE_STANDARD = "gnu++20";
				CLANG_ENABLE_MODULES = YES;
				CLANG_ENABLE_OBJC_ARC = YES;
				CLANG_ENABLE_OBJC_WEAK = YES;
				CLANG_WARN_BLOCK_CAPTURE_AUTORELEASING = YES;
				CLANG_WARN_BOOL_CONVERSION = YES;
				CLANG_WARN_COMMA = YES;
				CLANG_WARN_CONSTANT_CONVERSION = YES;
				CLANG_WARN_DEPRECATED_OBJC_IMPLEMENTATIONS = YES;
				CLANG_WARN_DIRECT_OBJC_ISA_USAGE = YES_ERROR;
				CLANG_WARN_DOCUMENTATION_COMMENTS = YES;
				CLANG_WARN_EMPTY_BODY = YES;
				CLANG_WARN_ENUM_CONVERSION = YES;
				CLANG_WARN_INFINITE_RECURSION = YES;
				CLANG_WARN_INT_CONVERSION = YES;
				CLANG_WARN_NON_LITERAL_NULL_CONVERSION = YES;
				CLANG_WARN_OBJC_IMPLICIT_RETAIN_SELF = YES;
				CLANG_WARN_OBJC_LITERAL_CONVERSION = YES;
				CLANG_WARN_OBJC_ROOT_CLASS = YES_ERROR;
				CLANG_WARN_QUOTED_INCLUDE_IN_FRAMEWORK_HEADER = YES;
				CLANG_WARN_RANGE_LOOP_ANALYSIS = YES;
				CLANG_WARN_STRICT_PROTOTYPES = YES;
				CLANG_WARN_SUSPICIOUS_MOVE = YES;
				CLANG_WARN_UNGUARDED_AVAILABILITY = YES_AGGRESSIVE;
				CLANG_WARN_UNREACHABLE_CODE = YES;
				CLANG_WARN__DUPLICATE_METHOD_MATCH = YES;
				COPY_PHASE_STRIP = NO;
				DEBUG_INFORMATION_FORMAT = "dwarf-with-dsym";
				ENABLE_NS_ASSERTIONS = NO;
				ENABLE_STRICT_OBJC_MSGSEND = YES;
				GCC_C_LANGUAGE_STANDARD = gnu11;
				GCC_NO_COMMON_BLOCKS = YES;
				GCC_WARN_64_TO_32_BIT_CONVERSION = YES;
				GCC_WARN_ABOUT_RETURN_TYPE = YES_ERROR;
				GCC_WARN_UNDECLARED_SELECTOR = YES;
				GCC_WARN_UNINITIALIZED_AUTOS = YES_AGGRESSIVE;
				GCC_WARN_UNUSED_FUNCTION = YES;
				GCC_WARN_UNUSED_VARIABLE = YES;
				IPHONEOS_DEPLOYMENT_TARGET = 16.1;
				MTL_ENABLE_DEBUG_INFO = NO;
				MTL_FAST_MATH = YES;
				SDKROOT = iphoneos;
				SWIFT_COMPILATION_MODE = wholemodule;
				SWIFT_OPTIMIZATION_LEVEL = "-O";
				VALIDATE_PRODUCT = YES;
			};
			name = Release;
		};
		AC4783822930C66A00EF5DB7 /* Debug */ = {
			isa = XCBuildConfiguration;
			buildSettings = {
				ASSETCATALOG_COMPILER_APPICON_NAME = AppIcon;
				ASSETCATALOG_COMPILER_GLOBAL_ACCENT_COLOR_NAME = AccentColor;
				CODE_SIGN_STYLE = Automatic;
				CURRENT_PROJECT_VERSION = 1;
				GENERATE_INFOPLIST_FILE = YES;
				INFOPLIST_FILE = RickMorty/Info.plist;
				INFOPLIST_KEY_UIApplicationSupportsIndirectInputEvents = YES;
				INFOPLIST_KEY_UILaunchStoryboardName = LaunchScreen;
				INFOPLIST_KEY_UIMainStoryboardFile = Main;
				INFOPLIST_KEY_UISupportedInterfaceOrientations_iPad = "UIInterfaceOrientationPortrait UIInterfaceOrientationPortraitUpsideDown UIInterfaceOrientationLandscapeLeft UIInterfaceOrientationLandscapeRight";
				INFOPLIST_KEY_UISupportedInterfaceOrientations_iPhone = "UIInterfaceOrientationPortrait UIInterfaceOrientationLandscapeLeft UIInterfaceOrientationLandscapeRight";
				LD_RUNPATH_SEARCH_PATHS = (
					"$(inherited)",
					"@executable_path/Frameworks",
				);
				MARKETING_VERSION = 1.0;
				PRODUCT_BUNDLE_IDENTIFIER = fr.epita.RickMorty;
				PRODUCT_NAME = "$(TARGET_NAME)";
				SWIFT_EMIT_LOC_STRINGS = YES;
				SWIFT_VERSION = 5.0;
				TARGETED_DEVICE_FAMILY = "1,2";
			};
			name = Debug;
		};
		AC4783832930C66A00EF5DB7 /* Release */ = {
			isa = XCBuildConfiguration;
			buildSettings = {
				ASSETCATALOG_COMPILER_APPICON_NAME = AppIcon;
				ASSETCATALOG_COMPILER_GLOBAL_ACCENT_COLOR_NAME = AccentColor;
				CODE_SIGN_STYLE = Automatic;
				CURRENT_PROJECT_VERSION = 1;
				GENERATE_INFOPLIST_FILE = YES;
				INFOPLIST_FILE = RickMorty/Info.plist;
				INFOPLIST_KEY_UIApplicationSupportsIndirectInputEvents = YES;
				INFOPLIST_KEY_UILaunchStoryboardName = LaunchScreen;
				INFOPLIST_KEY_UIMainStoryboardFile = Main;
				INFOPLIST_KEY_UISupportedInterfaceOrientations_iPad = "UIInterfaceOrientationPortrait UIInterfaceOrientationPortraitUpsideDown UIInterfaceOrientationLandscapeLeft UIInterfaceOrientationLandscapeRight";
				INFOPLIST_KEY_UISupportedInterfaceOrientations_iPhone = "UIInterfaceOrientationPortrait UIInterfaceOrientationLandscapeLeft UIInterfaceOrientationLandscapeRight";
				LD_RUNPATH_SEARCH_PATHS = (
					"$(inherited)",
					"@executable_path/Frameworks",
				);
				MARKETING_VERSION = 1.0;
				PRODUCT_BUNDLE_IDENTIFIER = fr.epita.RickMorty;
				PRODUCT_NAME = "$(TARGET_NAME)";
				SWIFT_EMIT_LOC_STRINGS = YES;
				SWIFT_VERSION = 5.0;
				TARGETED_DEVICE_FAMILY = "1,2";
			};
			name = Release;
		};
/* End XCBuildConfiguration section */

/* Begin XCConfigurationList section */
		AC4783682930C66900EF5DB7 /* Build configuration list for PBXProject "RickMorty" */ = {
			isa = XCConfigurationList;
			buildConfigurations = (
				AC47837F2930C66A00EF5DB7 /* Debug */,
				AC4783802930C66A00EF5DB7 /* Release */,
			);
			defaultConfigurationIsVisible = 0;
			defaultConfigurationName = Release;
		};
		AC4783812930C66A00EF5DB7 /* Build configuration list for PBXNativeTarget "RickMorty" */ = {
			isa = XCConfigurationList;
			buildConfigurations = (
				AC4783822930C66A00EF5DB7 /* Debug */,
				AC4783832930C66A00EF5DB7 /* Release */,
			);
			defaultConfigurationIsVisible = 0;
			defaultConfigurationName = Release;
		};
/* End XCConfigurationList section */

/* Begin XCRemoteSwiftPackageReference section */
		AC4783862930C7F200EF5DB7 /* XCRemoteSwiftPackageReference "AlamofireImage" */ = {
			isa = XCRemoteSwiftPackageReference;
			repositoryURL = "https://github.com/Alamofire/AlamofireImage";
			requirement = {
				kind = upToNextMajorVersion;
				minimumVersion = 4.0.0;
			};
		};
/* End XCRemoteSwiftPackageReference section */

/* Begin XCSwiftPackageProductDependency section */
		AC4783872930C7F200EF5DB7 /* AlamofireImage */ = {
			isa = XCSwiftPackageProductDependency;
			package = AC4783862930C7F200EF5DB7 /* XCRemoteSwiftPackageReference "AlamofireImage" */;
			productName = AlamofireImage;
		};
/* End XCSwiftPackageProductDependency section */
	};
	rootObject = AC4783652930C66900EF5DB7 /* Project object */;
}
